
Microsoft Visual Studio Solution File, Format Version 12.00
# Visual Studio Version 17
VisualStudioVersion = 17.14.36301.6 d17.14
MinimumVisualStudioVersion = 10.0.40219.1
Project("{FAE04EC0-301F-11D3-BF4B-00C04F79EFBC}") = "FoodieHub.API", "FoodieHub.API\FoodieHub.API.csproj", "{645A9F24-E7CD-4B38-BDB5-786B9E421B47}"
EndProject
Project("{FAE04EC0-301F-11D3-BF4B-00C04F79EFBC}") = "FoodieHub.UI", "FoodieHub.UI\FoodieHub.UI.csproj", "{8FD296BA-6378-4162-BF14-2C602125543D}"
EndProject
Global
	GlobalSection(SolutionConfigurationPlatforms) = preSolution
		Debug|Any CPU = Debug|Any CPU
		Release|Any CPU = Release|Any CPU
	EndGlobalSection
	GlobalSection(ProjectConfigurationPlatforms) = postSolution
		{645A9F24-E7CD-4B38-BDB5-786B9E421B47}.Debug|Any CPU.ActiveCfg = Debug|Any CPU
		{645A9F24-E7CD-4B38-BDB5-786B9E421B47}.Debug|Any CPU.Build.0 = Debug|Any CPU
		{645A9F24-E7CD-4B38-BDB5-786B9E421B47}.Release|Any CPU.ActiveCfg = Release|Any CPU
		{645A9F24-E7CD-4B38-BDB5-786B9E421B47}.Release|Any CPU.Build.0 = Release|Any CPU
		{8FD296BA-6378-4162-BF14-2C602125543D}.Debug|Any CPU.ActiveCfg = Debug|Any CPU
		{8FD296BA-6378-4162-BF14-2C602125543D}.Debug|Any CPU.Build.0 = Debug|Any CPU
		{8FD296BA-6378-4162-BF14-2C602125543D}.Release|Any CPU.ActiveCfg = Release|Any CPU
		{8FD296BA-6378-4162-BF14-2C602125543D}.Release|Any CPU.Build.0 = Release|Any CPU
	EndGlobalSection
	GlobalSection(SolutionProperties) = preSolution
		HideSolutionNode = FALSE
	EndGlobalSection
	GlobalSection(ExtensibilityGlobals) = postSolution
		SolutionGuid = {2349BBF4-C1DB-4F44-9ABC-C9BF9594A254}
	EndGlobalSection
EndGlobal
